Microsoft Visual Studio Solution File, Format Version 12.00
# Visual Studio Version 17
VisualStudioVersion = 17.0.31903.59
MinimumVisualStudioVersion = 10.0.40219.1
Project("{FAE04EC0-301F-11D3-BF4B-00C04F79EFBC}") = "Stained Artifice", "Stained Artifice.csproj", "{A1B2C3D4-E5F6-4A5B-8C9D-0E1F2A3B4C5D}"
EndProject
Global
	GlobalSection(SolutionConfigurationPlatforms) = preSolution
		Legacy-Debug|Any CPU = Legacy-Debug|Any CPU
		Legacy-Debug|x64 = Legacy-Debug|x64
		Legacy-Release|Any CPU = Legacy-Release|Any CPU
		Legacy-Release|x64 = Legacy-Release|x64
		Stable-Debug|Any CPU = Stable-Debug|Any CPU
		Stable-Debug|x64 = Stable-Debug|x64
		Stable-Release|Any CPU = Stable-Release|Any CPU
		Stable-Release|x64 = Stable-Release|x64
		Testing-Debug|Any CPU = Testing-Debug|Any CPU
		Testing-Debug|x64 = Testing-Debug|x64
		Testing-Release|Any CPU = Testing-Release|Any CPU
		Testing-Release|x64 = Testing-Release|x64
	EndGlobalSection
	GlobalSection(ProjectConfigurationPlatforms) = postSolution
		{A1B2C3D4-E5F6-4A5B-8C9D-0E1F2A3B4C5D}.Legacy-Debug|Any CPU.ActiveCfg = Legacy-Debug|Any CPU
		{A1B2C3D4-E5F6-4A5B-8C9D-0E1F2A3B4C5D}.Legacy-Debug|Any CPU.Build.0 = Legacy-Debug|Any CPU
		{A1B2C3D4-E5F6-4A5B-8C9D-0E1F2A3B4C5D}.Legacy-Debug|x64.ActiveCfg = Legacy-Debug|x64
		{A1B2C3D4-E5F6-4A5B-8C9D-0E1F2A3B4C5D}.Legacy-Debug|x64.Build.0 = Legacy-Debug|x64

		{A1B2C3D4-E5F6-4A5B-8C9D-0E1F2A3B4C5D}.Legacy-Release|Any CPU.ActiveCfg = Legacy-Release|Any CPU
		{A1B2C3D4-E5F6-4A5B-8C9D-0E1F2A3B4C5D}.Legacy-Release|Any CPU.Build.0 = Legacy-Release|Any CPU
		{A1B2C3D4-E5F6-4A5B-8C9D-0E1F2A3B4C5D}.Legacy-Release|x64.ActiveCfg = Legacy-Release|x64
		{A1B2C3D4-E5F6-4A5B-8C9D-0E1F2A3B4C5D}.Legacy-Release|x64.Build.0 = Legacy-Release|x64

		{A1B2C3D4-E5F6-4A5B-8C9D-0E1F2A3B4C5D}.Stable-Debug|Any CPU.ActiveCfg = Stable-Debug|Any CPU
		{A1B2C3D4-E5F6-4A5B-8C9D-0E1F2A3B4C5D}.Stable-Debug|Any CPU.Build.0 = Stable-Debug|Any CPU
		{A1B2C3D4-E5F6-4A5B-8C9D-0E1F2A3B4C5D}.Stable-Debug|x64.ActiveCfg = Stable-Debug|x64
		{A1B2C3D4-E5F6-4A5B-8C9D-0E1F2A3B4C5D}.Stable-Debug|x64.Build.0 = Stable-Debug|x64

		{A1B2C3D4-E5F6-4A5B-8C9D-0E1F2A3B4C5D}.Stable-Release|Any CPU.ActiveCfg = Stable-Release|Any CPU
		{A1B2C3D4-E5F6-4A5B-8C9D-0E1F2A3B4C5D}.Stable-Release|Any CPU.Build.0 = Stable-Release|Any CPU
		{A1B2C3D4-E5F6-4A5B-8C9D-0E1F2A3B4C5D}.Stable-Release|x64.ActiveCfg = Stable-Release|x64
		{A1B2C3D4-E5F6-4A5B-8C9D-0E1F2A3B4C5D}.Stable-Release|x64.Build.0 = Stable-Release|x64

		{A1B2C3D4-E5F6-4A5B-8C9D-0E1F2A3B4C5D}.Testing-Debug|Any CPU.ActiveCfg = Testing-Debug|Any CPU
		{A1B2C3D4-E5F6-4A5B-8C9D-0E1F2A3B4C5D}.Testing-Debug|Any CPU.Build.0 = Testing-Debug|Any CPU
		{A1B2C3D4-E5F6-4A5B-8C9D-0E1F2A3B4C5D}.Testing-Debug|x64.ActiveCfg = Testing-Debug|x64
		{A1B2C3D4-E5F6-4A5B-8C9D-0E1F2A3B4C5D}.Testing-Debug|x64.Build.0 = Testing-Debug|x64

		{A1B2C3D4-E5F6-4A5B-8C9D-0E1F2A3B4C5D}.Testing-Release|Any CPU.ActiveCfg = Testing-Release|Any CPU
		{A1B2C3D4-E5F6-4A5B-8C9D-0E1F2A3B4C5D}.Testing-Release|Any CPU.Build.0 = Testing-Release|Any CPU
		{A1B2C3D4-E5F6-4A5B-8C9D-0E1F2A3B4C5D}.Testing-Release|x64.ActiveCfg = Testing-Release|x64
		{A1B2C3D4-E5F6-4A5B-8C9D-0E1F2A3B4C5D}.Testing-Release|x64.Build.0 = Testing-Release|x64
	EndGlobalSection
	GlobalSection(SolutionProperties) = preSolution
		HideSolutionNode = FALSE
	EndGlobalSection
EndGlobal